
Microsoft Visual Studio Solution File, Format Version 12.00
# Visual Studio Version 17
VisualStudioVersion = 17.6.33712.159
MinimumVisualStudioVersion = 10.0.40219.1
Project("{FAE04EC0-301F-11D3-BF4B-00C04F79EFBC}") = "Console Loops Basics - KL", "Console Loops Basics - KL\Console Loops Basics - KL.csproj", "{EFDE1A8C-C65A-4D28-B12F-E1AF19524388}"
EndProject
Global
	GlobalSection(SolutionConfigurationPlatforms) = preSolution
		Debug|Any CPU = Debug|Any CPU
		Release|Any CPU = Release|Any CPU
	EndGlobalSection
	GlobalSection(ProjectConfigurationPlatforms) = postSolution
		{EFDE1A8C-C65A-4D28-B12F-E1AF19524388}.Debug|Any CPU.ActiveCfg = Debug|Any CPU
		{EFDE1A8C-C65A-4D28-B12F-E1AF19524388}.Debug|Any CPU.Build.0 = Debug|Any CPU
		{EFDE1A8C-C65A-4D28-B12F-E1AF19524388}.Release|Any CPU.ActiveCfg = Release|Any CPU
		{EFDE1A8C-C65A-4D28-B12F-E1AF19524388}.Release|Any CPU.Build.0 = Release|Any CPU
	EndGlobalSection
	GlobalSection(SolutionProperties) = preSolution
		HideSolutionNode = FALSE
	EndGlobalSection
	GlobalSection(ExtensibilityGlobals) = postSolution
		SolutionGuid = {4920F369-62B3-453A-BCCD-3CB3C9C4E981}
	EndGlobalSection
EndGlobal
