
Microsoft Visual Studio Solution File, Format Version 12.00
# Visual Studio Version 17
VisualStudioVersion = 17.6.33712.159
MinimumVisualStudioVersion = 10.0.40219.1
Project("{FAE04EC0-301F-11D3-BF4B-00C04F79EFBC}") = "Age Checking -KL", "Age Checking -KL\Age Checking -KL.csproj", "{E03FAAD9-7032-42C1-B95A-0DBB375770B2}"
EndProject
Global
	GlobalSection(SolutionConfigurationPlatforms) = preSolution
		Debug|Any CPU = Debug|Any CPU
		Release|Any CPU = Release|Any CPU
	EndGlobalSection
	GlobalSection(ProjectConfigurationPlatforms) = postSolution
		{E03FAAD9-7032-42C1-B95A-0DBB375770B2}.Debug|Any CPU.ActiveCfg = Debug|Any CPU
		{E03FAAD9-7032-42C1-B95A-0DBB375770B2}.Debug|Any CPU.Build.0 = Debug|Any CPU
		{E03FAAD9-7032-42C1-B95A-0DBB375770B2}.Release|Any CPU.ActiveCfg = Release|Any CPU
		{E03FAAD9-7032-42C1-B95A-0DBB375770B2}.Release|Any CPU.Build.0 = Release|Any CPU
	EndGlobalSection
	GlobalSection(SolutionProperties) = preSolution
		HideSolutionNode = FALSE
	EndGlobalSection
	GlobalSection(ExtensibilityGlobals) = postSolution
		SolutionGuid = {EB959731-3382-44F9-8788-0E4C18F9CFDC}
	EndGlobalSection
EndGlobal
